
Microsoft Visual Studio Solution File, Format Version 12.00
# Visual Studio Version 16
VisualStudioVersion = 16.0.29215.179
MinimumVisualStudioVersion = 10.0.40219.1
Project("{FAE04EC0-301F-11D3-BF4B-00C04F79EFBC}") = "Views", "Views\Views.csproj", "{8C0D7714-3C93-402F-B3B5-572FAF011DA4}"
EndProject
Project("{9A19103F-16F7-4668-BE54-9A1E7A4F7556}") = "Negocio", "Negocio\Negocio.csproj", "{3B2E0511-804B-4C68-9F9C-8C47B6E989AF}"
EndProject
Project("{FAE04EC0-301F-11D3-BF4B-00C04F79EFBC}") = "Dominio", "Dominio\Dominio.csproj", "{37688804-9DCF-4B64-A5C1-503563E92848}"
EndProject
Global
	GlobalSection(SolutionConfigurationPlatforms) = preSolution
		Debug|Any CPU = Debug|Any CPU
		Release|Any CPU = Release|Any CPU
	EndGlobalSection
	GlobalSection(ProjectConfigurationPlatforms) = postSolution
		{8C0D7714-3C93-402F-B3B5-572FAF011DA4}.Debug|Any CPU.ActiveCfg = Debug|Any CPU
		{8C0D7714-3C93-402F-B3B5-572FAF011DA4}.Debug|Any CPU.Build.0 = Debug|Any CPU
		{8C0D7714-3C93-402F-B3B5-572FAF011DA4}.Release|Any CPU.ActiveCfg = Release|Any CPU
		{8C0D7714-3C93-402F-B3B5-572FAF011DA4}.Release|Any CPU.Build.0 = Release|Any CPU
		{3B2E0511-804B-4C68-9F9C-8C47B6E989AF}.Debug|Any CPU.ActiveCfg = Debug|Any CPU
		{3B2E0511-804B-4C68-9F9C-8C47B6E989AF}.Debug|Any CPU.Build.0 = Debug|Any CPU
		{3B2E0511-804B-4C68-9F9C-8C47B6E989AF}.Release|Any CPU.ActiveCfg = Release|Any CPU
		{3B2E0511-804B-4C68-9F9C-8C47B6E989AF}.Release|Any CPU.Build.0 = Release|Any CPU
		{37688804-9DCF-4B64-A5C1-503563E92848}.Debug|Any CPU.ActiveCfg = Debug|Any CPU
		{37688804-9DCF-4B64-A5C1-503563E92848}.Debug|Any CPU.Build.0 = Debug|Any CPU
		{37688804-9DCF-4B64-A5C1-503563E92848}.Release|Any CPU.ActiveCfg = Release|Any CPU
		{37688804-9DCF-4B64-A5C1-503563E92848}.Release|Any CPU.Build.0 = Release|Any CPU
	EndGlobalSection
	GlobalSection(SolutionProperties) = preSolution
		HideSolutionNode = FALSE
	EndGlobalSection
	GlobalSection(ExtensibilityGlobals) = postSolution
		SolutionGuid = {8CE6F711-515D-4F7D-B4A6-1E954260B493}
	EndGlobalSection
EndGlobal
